// !$*UTF8*$!
{
	archiveVersion = 1;
	classes = {
	};
	objectVersion = 56;
	objects = {

/* Begin PBXBuildFile section */
		1D30130629C2911E0074F512 /* iOS_DemoApp.swift in Sources */ = {isa = PBXBuildFile; fileRef = 1D30130529C2911E0074F512 /* iOS_DemoApp.swift */; };
		1D30130829C2911E0074F512 /* ContentView.swift in Sources */ = {isa = PBXBuildFile; fileRef = 1D30130729C2911E0074F512 /* ContentView.swift */; };
		1D30130A29C2911F0074F512 /* Assets.xcassets in Resources */ = {isa = PBXBuildFile; fileRef = 1D30130929C2911F0074F512 /* Assets.xcassets */; };
		1D30130D29C2911F0074F512 /* Preview Assets.xcassets in Resources */ = {isa = PBXBuildFile; fileRef = 1D30130C29C2911F0074F512 /* Preview Assets.xcassets */; };
		1D30130F29C2911F0074F512 /* Persistence.swift in Sources */ = {isa = PBXBuildFile; fileRef = 1D30130E29C2911F0074F512 /* Persistence.swift */; };
		1D30131229C2911F0074F512 /* iOS_Demo.xcdatamodeld in Sources */ = {isa = PBXBuildFile; fileRef = 1D30131029C2911F0074F512 /* iOS_Demo.xcdatamodeld */; };
		1D30131C29C2911F0074F512 /* iOS_DemoTests.swift in Sources */ = {isa = PBXBuildFile; fileRef = 1D30131B29C2911F0074F512 /* iOS_DemoTests.swift */; };
		1D30132629C2911F0074F512 /* iOS_DemoUITests.swift in Sources */ = {isa = PBXBuildFile; fileRef = 1D30132529C2911F0074F512 /* iOS_DemoUITests.swift */; };
		1D30132829C2911F0074F512 /* iOS_DemoUITestsLaunchTests.swift in Sources */ = {isa = PBXBuildFile; fileRef = 1D30132729C2911F0074F512 /* iOS_DemoUITestsLaunchTests.swift */; };
/* End PBXBuildFile section */

/* Begin PBXContainerItemProxy section */
		1D30131829C2911F0074F512 /* PBXContainerItemProxy */ = {
			isa = PBXContainerItemProxy;
			containerPortal = 1D3012FA29C2911E0074F512 /* Project object */;
			proxyType = 1;
			remoteGlobalIDString = 1D30130129C2911E0074F512;
			remoteInfo = "iOS Demo";
		};
		1D30132229C2911F0074F512 /* PBXContainerItemProxy */ = {
			isa = PBXContainerItemProxy;
			containerPortal = 1D3012FA29C2911E0074F512 /* Project object */;
			proxyType = 1;
			remoteGlobalIDString = 1D30130129C2911E0074F512;
			remoteInfo = "iOS Demo";
		};
/* End PBXContainerItemProxy section */

/* Begin PBXFileReference section */
		1D30130229C2911E0074F512 /* iOS Demo.app */ = {isa = PBXFileReference; explicitFileType = wrapper.application; includeInIndex = 0; path = "iOS Demo.app"; sourceTree = BUILT_PRODUCTS_DIR; };
		1D30130529C2911E0074F512 /* iOS_DemoApp.swift */ = {isa = PBXFileReference; lastKnownFileType = sourcecode.swift; path = iOS_DemoApp.swift; sourceTree = "<group>"; };
		1D30130729C2911E0074F512 /* ContentView.swift */ = {isa = PBXFileReference; lastKnownFileType = sourcecode.swift; path = ContentView.swift; sourceTree = "<group>"; };
		1D30130929C2911F0074F512 /* Assets.xcassets */ = {isa = PBXFileReference; lastKnownFileType = folder.assetcatalog; path = Assets.xcassets; sourceTree = "<group>"; };
		1D30130C29C2911F0074F512 /* Preview Assets.xcassets */ = {isa = PBXFileReference; lastKnownFileType = folder.assetcatalog; path = "Preview Assets.xcassets"; sourceTree = "<group>"; };
		1D30130E29C2911F0074F512 /* Persistence.swift */ = {isa = PBXFileReference; lastKnownFileType = sourcecode.swift; path = Persistence.swift; sourceTree = "<group>"; };
		1D30131129C2911F0074F512 /* iOS_Demo.xcdatamodel */ = {isa = PBXFileReference; lastKnownFileType = wrapper.xcdatamodel; path = iOS_Demo.xcdatamodel; sourceTree = "<group>"; };
		1D30131729C2911F0074F512 /* iOS DemoTests.xctest */ = {isa = PBXFileReference; explicitFileType = wrapper.cfbundle; includeInIndex = 0; path = "iOS DemoTests.xctest"; sourceTree = BUILT_PRODUCTS_DIR; };
		1D30131B29C2911F0074F512 /* iOS_DemoTests.swift */ = {isa = PBXFileReference; lastKnownFileType = sourcecode.swift; path = iOS_DemoTests.swift; sourceTree = "<group>"; };
		1D30132129C2911F0074F512 /* iOS DemoUITests.xctest */ = {isa = PBXFileReference; explicitFileType = wrapper.cfbundle; includeInIndex = 0; path = "iOS DemoUITests.xctest"; sourceTree = BUILT_PRODUCTS_DIR; };
		1D30132529C2911F0074F512 /* iOS_DemoUITests.swift */ = {isa = PBXFileReference; lastKnownFileType = sourcecode.swift; path = iOS_DemoUITests.swift; sourceTree = "<group>"; };
		1D30132729C2911F0074F512 /* iOS_DemoUITestsLaunchTests.swift */ = {isa = PBXFileReference; lastKnownFileType = sourcecode.swift; path = iOS_DemoUITestsLaunchTests.swift; sourceTree = "<group>"; };
/* End PBXFileReference section */

/* Begin PBXFrameworksBuildPhase section */
		1D3012FF29C2911E0074F512 /* Frameworks */ = {
			isa = PBXFrameworksBuildPhase;
			buildActionMask = 2147483647;
			files = (
			);
			runOnlyForDeploymentPostprocessing = 0;
		};
		1D30131429C2911F0074F512 /* Frameworks */ = {
			isa = PBXFrameworksBuildPhase;
			buildActionMask = 2147483647;
			files = (
			);
			runOnlyForDeploymentPostprocessing = 0;
		};
		1D30131E29C2911F0074F512 /* Frameworks */ = {
			isa = PBXFrameworksBuildPhase;
			buildActionMask = 2147483647;
			files = (
			);
			runOnlyForDeploymentPostprocessing = 0;
		};
/* End PBXFrameworksBuildPhase section */

/* Begin PBXGroup section */
		1D3012F929C2911E0074F512 = {
			isa = PBXGroup;
			children = (
				1D30130429C2911E0074F512 /* iOS Demo */,
				1D30131A29C2911F0074F512 /* iOS DemoTests */,
				1D30132429C2911F0074F512 /* iOS DemoUITests */,
				1D30130329C2911E0074F512 /* Products */,
			);
			sourceTree = "<group>";
		};
		1D30130329C2911E0074F512 /* Products */ = {
			isa = PBXGroup;
			children = (
				1D30130229C2911E0074F512 /* iOS Demo.app */,
				1D30131729C2911F0074F512 /* iOS DemoTests.xctest */,
				1D30132129C2911F0074F512 /* iOS DemoUITests.xctest */,
			);
			name = Products;
			sourceTree = "<group>";
		};
		1D30130429C2911E0074F512 /* iOS Demo */ = {
			isa = PBXGroup;
			children = (
				1D30130529C2911E0074F512 /* iOS_DemoApp.swift */,
				1D30130729C2911E0074F512 /* ContentView.swift */,
				1D30130929C2911F0074F512 /* Assets.xcassets */,
				1D30130E29C2911F0074F512 /* Persistence.swift */,
				1D30131029C2911F0074F512 /* iOS_Demo.xcdatamodeld */,
				1D30130B29C2911F0074F512 /* Preview Content */,
			);
			path = "iOS Demo";
			sourceTree = "<group>";
		};
		1D30130B29C2911F0074F512 /* Preview Content */ = {
			isa = PBXGroup;
			children = (
				1D30130C29C2911F0074F512 /* Preview Assets.xcassets */,
			);
			path = "Preview Content";
			sourceTree = "<group>";
		};
		1D30131A29C2911F0074F512 /* iOS DemoTests */ = {
			isa = PBXGroup;
			children = (
				1D30131B29C2911F0074F512 /* iOS_DemoTests.swift */,
			);
			path = "iOS DemoTests";
			sourceTree = "<group>";
		};
		1D30132429C2911F0074F512 /* iOS DemoUITests */ = {
			isa = PBXGroup;
			children = (
				1D30132529C2911F0074F512 /* iOS_DemoUITests.swift */,
				1D30132729C2911F0074F512 /* iOS_DemoUITestsLaunchTests.swift */,
			);
			path = "iOS DemoUITests";
			sourceTree = "<group>";
		};
/* End PBXGroup section */

/* Begin PBXNativeTarget section */
		1D30130129C2911E0074F512 /* iOS Demo */ = {
			isa = PBXNativeTarget;
			buildConfigurationList = 1D30132B29C2911F0074F512 /* Build configuration list for PBXNativeTarget "iOS Demo" */;
			buildPhases = (
				1D3012FE29C2911E0074F512 /* Sources */,
				1D3012FF29C2911E0074F512 /* Frameworks */,
				1D30130029C2911E0074F512 /* Resources */,
			);
			buildRules = (
			);
			dependencies = (
			);
			name = "iOS Demo";
			productName = "iOS Demo";
			productReference = 1D30130229C2911E0074F512 /* iOS Demo.app */;
			productType = "com.apple.product-type.application";
		};
		1D30131629C2911F0074F512 /* iOS DemoTests */ = {
			isa = PBXNativeTarget;
			buildConfigurationList = 1D30132E29C2911F0074F512 /* Build configuration list for PBXNativeTarget "iOS DemoTests" */;
			buildPhases = (
				1D30131329C2911F0074F512 /* Sources */,
				1D30131429C2911F0074F512 /* Frameworks */,
				1D30131529C2911F0074F512 /* Resources */,
			);
			buildRules = (
			);
			dependencies = (
				1D30131929C2911F0074F512 /* PBXTargetDependency */,
			);
			name = "iOS DemoTests";
			productName = "iOS DemoTests";
			productReference = 1D30131729C2911F0074F512 /* iOS DemoTests.xctest */;
			productType = "com.apple.product-type.bundle.unit-test";
		};
		1D30132029C2911F0074F512 /* iOS DemoUITests */ = {
			isa = PBXNativeTarget;
			buildConfigurationList = 1D30133129C2911F0074F512 /* Build configuration list for PBXNativeTarget "iOS DemoUITests" */;
			buildPhases = (
				1D30131D29C2911F0074F512 /* Sources */,
				1D30131E29C2911F0074F512 /* Frameworks */,
				1D30131F29C2911F0074F512 /* Resources */,
			);
			buildRules = (
			);
			dependencies = (
				1D30132329C2911F0074F512 /* PBXTargetDependency */,
			);
			name = "iOS DemoUITests";
			productName = "iOS DemoUITests";
			productReference = 1D30132129C2911F0074F512 /* iOS DemoUITests.xctest */;
			productType = "com.apple.product-type.bundle.ui-testing";
		};
/* End PBXNativeTarget section */

/* Begin PBXProject section */
		1D3012FA29C2911E0074F512 /* Project object */ = {
			isa = PBXProject;
			attributes = {
				BuildIndependentTargetsInParallel = 1;
				LastSwiftUpdateCheck = 1420;
				LastUpgradeCheck = 1420;
				TargetAttributes = {
					1D30130129C2911E0074F512 = {
						CreatedOnToolsVersion = 14.2;
					};
					1D30131629C2911F0074F512 = {
						CreatedOnToolsVersion = 14.2;
						TestTargetID = 1D30130129C2911E0074F512;
					};
					1D30132029C2911F0074F512 = {
						CreatedOnToolsVersion = 14.2;
						TestTargetID = 1D30130129C2911E0074F512;
					};
				};
			};
			buildConfigurationList = 1D3012FD29C2911E0074F512 /* Build configuration list for PBXProject "iOS Demo" */;
			compatibilityVersion = "Xcode 14.0";
			developmentRegion = en;
			hasScannedForEncodings = 0;
			knownRegions = (
				en,
				Base,
			);
			mainGroup = 1D3012F929C2911E0074F512;
			productRefGroup = 1D30130329C2911E0074F512 /* Products */;
			projectDirPath = "";
			projectRoot = "";
			targets = (
				1D30130129C2911E0074F512 /* iOS Demo */,
				1D30131629C2911F0074F512 /* iOS DemoTests */,
				1D30132029C2911F0074F512 /* iOS DemoUITests */,
			);
		};
/* End PBXProject section */

/* Begin PBXResourcesBuildPhase section */
		1D30130029C2911E0074F512 /* Resources */ = {
			isa = PBXResourcesBuildPhase;
			buildActionMask = 2147483647;
			files = (
				1D30130D29C2911F0074F512 /* Preview Assets.xcassets in Resources */,
				1D30130A29C2911F0074F512 /* Assets.xcassets in Resources */,
			);
			runOnlyForDeploymentPostprocessing = 0;
		};
		1D30131529C2911F0074F512 /* Resources */ = {
			isa = PBXResourcesBuildPhase;
			buildActionMask = 2147483647;
			files = (
			);
			runOnlyForDeploymentPostprocessing = 0;
		};
		1D30131F29C2911F0074F512 /* Resources */ = {
			isa = PBXResourcesBuildPhase;
			buildActionMask = 2147483647;
			files = (
			);
			runOnlyForDeploymentPostprocessing = 0;
		};
/* End PBXResourcesBuildPhase section */

/* Begin PBXSourcesBuildPhase section */
		1D3012FE29C2911E0074F512 /* Sources */ = {
			isa = PBXSourcesBuildPhase;
			buildActionMask = 2147483647;
			files = (
				1D30131229C2911F0074F512 /* iOS_Demo.xcdatamodeld in Sources */,
				1D30130F29C2911F0074F512 /* Persistence.swift in Sources */,
				1D30130829C2911E0074F512 /* ContentView.swift in Sources */,
				1D30130629C2911E0074F512 /* iOS_DemoApp.swift in Sources */,
			);
			runOnlyForDeploymentPostprocessing = 0;
		};
		1D30131329C2911F0074F512 /* Sources */ = {
			isa = PBXSourcesBuildPhase;
			buildActionMask = 2147483647;
			files = (
				1D30131C29C2911F0074F512 /* iOS_DemoTests.swift in Sources */,
			);
			runOnlyForDeploymentPostprocessing = 0;
		};
		1D30131D29C2911F0074F512 /* Sources */ = {
			isa = PBXSourcesBuildPhase;
			buildActionMask = 2147483647;
			files = (
				1D30132829C2911F0074F512 /* iOS_DemoUITestsLaunchTests.swift in Sources */,
				1D30132629C2911F0074F512 /* iOS_DemoUITests.swift in Sources */,
			);
			runOnlyForDeploymentPostprocessing = 0;
		};
/* End PBXSourcesBuildPhase section */

/* Begin PBXTargetDependency section */
		1D30131929C2911F0074F512 /* PBXTargetDependency */ = {
			isa = PBXTargetDependency;
			target = 1D30130129C2911E0074F512 /* iOS Demo */;
			targetProxy = 1D30131829C2911F0074F512 /* PBXContainerItemProxy */;
		};
		1D30132329C2911F0074F512 /* PBXTargetDependency */ = {
			isa = PBXTargetDependency;
			target = 1D30130129C2911E0074F512 /* iOS Demo */;
			targetProxy = 1D30132229C2911F0074F512 /* PBXContainerItemProxy */;
		};
/* End PBXTargetDependency section */

/* Begin XCBuildConfiguration section */
		1D30132929C2911F0074F512 /* Debug */ = {
			isa = XCBuildConfiguration;
			buildSettings = {
				ALWAYS_SEARCH_USER_PATHS = NO;
				CLANG_ANALYZER_NONNULL = YES;
				CLANG_ANALYZER_NUMBER_OBJECT_CONVERSION = YES_AGGRESSIVE;
				CLANG_CXX_LANGUAGE_STANDARD = "gnu++20";
				CLANG_ENABLE_MODULES = YES;
				CLANG_ENABLE_OBJC_ARC = YES;
				CLANG_ENABLE_OBJC_WEAK = YES;
				CLANG_WARN_BLOCK_CAPTURE_AUTORELEASING = YES;
				CLANG_WARN_BOOL_CONVERSION = YES;
				CLANG_WARN_COMMA = YES;
				CLANG_WARN_CONSTANT_CONVERSION = YES;
				CLANG_WARN_DEPRECATED_OBJC_IMPLEMENTATIONS = YES;
				CLANG_WARN_DIRECT_OBJC_ISA_USAGE = YES_ERROR;
				CLANG_WARN_DOCUMENTATION_COMMENTS = YES;
				CLANG_WARN_EMPTY_BODY = YES;
				CLANG_WARN_ENUM_CONVERSION = YES;
				CLANG_WARN_INFINITE_RECURSION = YES;
				CLANG_WARN_INT_CONVERSION = YES;
				CLANG_WARN_NON_LITERAL_NULL_CONVERSION = YES;
				CLANG_WARN_OBJC_IMPLICIT_RETAIN_SELF = YES;
				CLANG_WARN_OBJC_LITERAL_CONVERSION = YES;
				CLANG_WARN_OBJC_ROOT_CLASS = YES_ERROR;
				CLANG_WARN_QUOTED_INCLUDE_IN_FRAMEWORK_HEADER = YES;
				CLANG_WARN_RANGE_LOOP_ANALYSIS = YES;
				CLANG_WARN_STRICT_PROTOTYPES = YES;
				CLANG_WARN_SUSPICIOUS_MOVE = YES;
				CLANG_WARN_UNGUARDED_AVAILABILITY = YES_AGGRESSIVE;
				CLANG_WARN_UNREACHABLE_CODE = YES;
				CLANG_WARN__DUPLICATE_METHOD_MATCH = YES;
				COPY_PHASE_STRIP = NO;
				DEBUG_INFORMATION_FORMAT = dwarf;
				ENABLE_STRICT_OBJC_MSGSEND = YES;
				ENABLE_TESTABILITY = YES;
				GCC_C_LANGUAGE_STANDARD = gnu11;
				GCC_DYNAMIC_NO_PIC = NO;
				GCC_NO_COMMON_BLOCKS = YES;
				GCC_OPTIMIZATION_LEVEL = 0;
				GCC_PREPROCESSOR_DEFINITIONS = (
					"DEBUG=1",
					"$(inherited)",
				);
				GCC_WARN_64_TO_32_BIT_CONVERSION = YES;
				GCC_WARN_ABOUT_RETURN_TYPE = YES_ERROR;
				GCC_WARN_UNDECLARED_SELECTOR = YES;
				GCC_WARN_UNINITIALIZED_AUTOS = YES_AGGRESSIVE;
				GCC_WARN_UNUSED_FUNCTION = YES;
				GCC_WARN_UNUSED_VARIABLE = YES;
				IPHONEOS_DEPLOYMENT_TARGET = 16.2;
				MTL_ENABLE_DEBUG_INFO = INCLUDE_SOURCE;
				MTL_FAST_MATH = YES;
				ONLY_ACTIVE_ARCH = YES;
				SDKROOT = iphoneos;
				SWIFT_ACTIVE_COMPILATION_CONDITIONS = DEBUG;
				SWIFT_OPTIMIZATION_LEVEL = "-Onone";
			};
			name = Debug;
		};
		1D30132A29C2911F0074F512 /* Release */ = {
			isa = XCBuildConfiguration;
			buildSettings = {
				ALWAYS_SEARCH_USER_PATHS = NO;
				CLANG_ANALYZER_NONNULL = YES;
				CLANG_ANALYZER_NUMBER_OBJECT_CONVERSION = YES_AGGRESSIVE;
				CLANG_CXX_LANGUAGE_STANDARD = "gnu++20";
				CLANG_ENABLE_MODULES = YES;
				CLANG_ENABLE_OBJC_ARC = YES;
				CLANG_ENABLE_OBJC_WEAK = YES;
				CLANG_WARN_BLOCK_CAPTURE_AUTORELEASING = YES;
				CLANG_WARN_BOOL_CONVERSION = YES;
				CLANG_WARN_COMMA = YES;
				CLANG_WARN_CONSTANT_CONVERSION = YES;
				CLANG_WARN_DEPRECATED_OBJC_IMPLEMENTATIONS = YES;
				CLANG_WARN_DIRECT_OBJC_ISA_USAGE = YES_ERROR;
				CLANG_WARN_DOCUMENTATION_COMMENTS = YES;
				CLANG_WARN_EMPTY_BODY = YES;
				CLANG_WARN_ENUM_CONVERSION = YES;
				CLANG_WARN_INFINITE_RECURSION = YES;
				CLANG_WARN_INT_CONVERSION = YES;
				CLANG_WARN_NON_LITERAL_NULL_CONVERSION = YES;
				CLANG_WARN_OBJC_IMPLICIT_RETAIN_SELF = YES;
				CLANG_WARN_OBJC_LITERAL_CONVERSION = YES;
				CLANG_WARN_OBJC_ROOT_CLASS = YES_ERROR;
				CLANG_WARN_QUOTED_INCLUDE_IN_FRAMEWORK_HEADER = YES;
				CLANG_WARN_RANGE_LOOP_ANALYSIS = YES;
				CLANG_WARN_STRICT_PROTOTYPES = YES;
				CLANG_WARN_SUSPICIOUS_MOVE = YES;
				CLANG_WARN_UNGUARDED_AVAILABILITY = YES_AGGRESSIVE;
				CLANG_WARN_UNREACHABLE_CODE = YES;
				CLANG_WARN__DUPLICATE_METHOD_MATCH = YES;
				COPY_PHASE_STRIP = NO;
				DEBUG_INFORMATION_FORMAT = "dwarf-with-dsym";
				ENABLE_NS_ASSERTIONS = NO;
				ENABLE_STRICT_OBJC_MSGSEND = YES;
				GCC_C_LANGUAGE_STANDARD = gnu11;
				GCC_NO_COMMON_BLOCKS = YES;
				GCC_WARN_64_TO_32_BIT_CONVERSION = YES;
				GCC_WARN_ABOUT_RETURN_TYPE = YES_ERROR;
				GCC_WARN_UNDECLARED_SELECTOR = YES;
				GCC_WARN_UNINITIALIZED_AUTOS = YES_AGGRESSIVE;
				GCC_WARN_UNUSED_FUNCTION = YES;
				GCC_WARN_UNUSED_VARIABLE = YES;
				IPHONEOS_DEPLOYMENT_TARGET = 16.2;
				MTL_ENABLE_DEBUG_INFO = NO;
				MTL_FAST_MATH = YES;
				SDKROOT = iphoneos;
				SWIFT_COMPILATION_MODE = wholemodule;
				SWIFT_OPTIMIZATION_LEVEL = "-O";
				VALIDATE_PRODUCT = YES;
			};
			name = Release;
		};
		1D30132C29C2911F0074F512 /* Debug */ = {
			isa = XCBuildConfiguration;
			buildSettings = {
				ASSETCATALOG_COMPILER_APPICON_NAME = AppIcon;
				ASSETCATALOG_COMPILER_GLOBAL_ACCENT_COLOR_NAME = AccentColor;
				CODE_SIGN_STYLE = Automatic;
				CURRENT_PROJECT_VERSION = 1;
				DEVELOPMENT_ASSET_PATHS = "\"iOS Demo/Preview Content\"";
				DEVELOPMENT_TEAM = DT2C2FZ7U2;
				ENABLE_PREVIEWS = YES;
				GENERATE_INFOPLIST_FILE = YES;
				INFOPLIST_KEY_UIApplicationSceneManifest_Generation = YES;
				INFOPLIST_KEY_UIApplicationSupportsIndirectInputEvents = YES;
				INFOPLIST_KEY_UILaunchScreen_Generation = YES;
				INFOPLIST_KEY_UISupportedInterfaceOrientations_iPad = "UIInterfaceOrientationPortrait UIInterfaceOrientationPortraitUpsideDown UIInterfaceOrientationLandscapeLeft UIInterfaceOrientationLandscapeRight";
				INFOPLIST_KEY_UISupportedInterfaceOrientations_iPhone = "UIInterfaceOrientationPortrait UIInterfaceOrientationLandscapeLeft UIInterfaceOrientationLandscapeRight";
				IPHONEOS_DEPLOYMENT_TARGET = 14.7;
				LD_RUNPATH_SEARCH_PATHS = (
					"$(inherited)",
					"@executable_path/Frameworks",
				);
				MARKETING_VERSION = 1.0;
				PRODUCT_BUNDLE_IDENTIFIER = "io.bitrise.iOS-Demo";
				PRODUCT_NAME = "$(TARGET_NAME)";
				SWIFT_EMIT_LOC_STRINGS = YES;
				SWIFT_VERSION = 5.0;
				TARGETED_DEVICE_FAMILY = "1,2";
			};
			name = Debug;
		};
		1D30132D29C2911F0074F512 /* Release */ = {
			isa = XCBuildConfiguration;
			buildSettings = {
				ASSETCATALOG_COMPILER_APPICON_NAME = AppIcon;
				ASSETCATALOG_COMPILER_GLOBAL_ACCENT_COLOR_NAME = AccentColor;
				CODE_SIGN_STYLE = Automatic;
				CURRENT_PROJECT_VERSION = 1;
				DEVELOPMENT_ASSET_PATHS = "\"iOS Demo/Preview Content\"";
				DEVELOPMENT_TEAM = DT2C2FZ7U2;
				ENABLE_PREVIEWS = YES;
				GENERATE_INFOPLIST_FILE = YES;
				INFOPLIST_KEY_UIApplicationSceneManifest_Generation = YES;
				INFOPLIST_KEY_UIApplicationSupportsIndirectInputEvents = YES;
				INFOPLIST_KEY_UILaunchScreen_Generation = YES;
				INFOPLIST_KEY_UISupportedInterfaceOrientations_iPad = "UIInterfaceOrientationPortrait UIInterfaceOrientationPortraitUpsideDown UIInterfaceOrientationLandscapeLeft UIInterfaceOrientationLandscapeRight";
				INFOPLIST_KEY_UISupportedInterfaceOrientations_iPhone = "UIInterfaceOrientationPortrait UIInterfaceOrientationLandscapeLeft UIInterfaceOrientationLandscapeRight";
				IPHONEOS_DEPLOYMENT_TARGET = 14.7;
				LD_RUNPATH_SEARCH_PATHS = (
					"$(inherited)",
					"@executable_path/Frameworks",
				);
				MARKETING_VERSION = 1.0;
				PRODUCT_BUNDLE_IDENTIFIER = "io.bitrise.iOS-Demo";
				PRODUCT_NAME = "$(TARGET_NAME)";
				SWIFT_EMIT_LOC_STRINGS = YES;
				SWIFT_VERSION = 5.0;
				TARGETED_DEVICE_FAMILY = "1,2";
			};
			name = Release;
		};
		1D30132F29C2911F0074F512 /* Debug */ = {
			isa = XCBuildConfiguration;
			buildSettings = {
				ALWAYS_EMBED_SWIFT_STANDARD_LIBRARIES = YES;
				BUNDLE_LOADER = "$(TEST_HOST)";
				CODE_SIGN_STYLE = Automatic;
				CURRENT_PROJECT_VERSION = 1;
				DEVELOPMENT_TEAM = DT2C2FZ7U2;
				GENERATE_INFOPLIST_FILE = YES;
				IPHONEOS_DEPLOYMENT_TARGET = 16.2;
				MARKETING_VERSION = 1.0;
				PRODUCT_BUNDLE_IDENTIFIER = "io.bitrise.iOS-DemoTests";
				PRODUCT_NAME = "$(TARGET_NAME)";
				SWIFT_EMIT_LOC_STRINGS = NO;
				SWIFT_VERSION = 5.0;
				TARGETED_DEVICE_FAMILY = "1,2";
				TEST_HOST = "$(BUILT_PRODUCTS_DIR)/iOS Demo.app/$(BUNDLE_EXECUTABLE_FOLDER_PATH)/iOS Demo";
			};
			name = Debug;
		};
		1D30133029C2911F0074F512 /* Release */ = {
			isa = XCBuildConfiguration;
			buildSettings = {
				ALWAYS_EMBED_SWIFT_STANDARD_LIBRARIES = YES;
				BUNDLE_LOADER = "$(TEST_HOST)";
				CODE_SIGN_STYLE = Automatic;
				CURRENT_PROJECT_VERSION = 1;
				DEVELOPMENT_TEAM = DT2C2FZ7U2;
				GENERATE_INFOPLIST_FILE = YES;
				IPHONEOS_DEPLOYMENT_TARGET = 16.2;
				MARKETING_VERSION = 1.0;
				PRODUCT_BUNDLE_IDENTIFIER = "io.bitrise.iOS-DemoTests";
				PRODUCT_NAME = "$(TARGET_NAME)";
				SWIFT_EMIT_LOC_STRINGS = NO;
				SWIFT_VERSION = 5.0;
				TARGETED_DEVICE_FAMILY = "1,2";
				TEST_HOST = "$(BUILT_PRODUCTS_DIR)/iOS Demo.app/$(BUNDLE_EXECUTABLE_FOLDER_PATH)/iOS Demo";
			};
			name = Release;
		};
		1D30133229C2911F0074F512 /* Debug */ = {
			isa = XCBuildConfiguration;
			buildSettings = {
				ALWAYS_EMBED_SWIFT_STANDARD_LIBRARIES = YES;
				CODE_SIGN_STYLE = Automatic;
				CURRENT_PROJECT_VERSION = 1;
				DEVELOPMENT_TEAM = DT2C2FZ7U2;
				GENERATE_INFOPLIST_FILE = YES;
				MARKETING_VERSION = 1.0;
				PRODUCT_BUNDLE_IDENTIFIER = "io.bitrise.iOS-DemoUITests";
				PRODUCT_NAME = "$(TARGET_NAME)";
				SWIFT_EMIT_LOC_STRINGS = NO;
				SWIFT_VERSION = 5.0;
				TARGETED_DEVICE_FAMILY = "1,2";
				TEST_TARGET_NAME = "iOS Demo";
			};
			name = Debug;
		};
		1D30133329C2911F0074F512 /* Release */ = {
			isa = XCBuildConfiguration;
			buildSettings = {
				ALWAYS_EMBED_SWIFT_STANDARD_LIBRARIES = YES;
				CODE_SIGN_STYLE = Automatic;
				CURRENT_PROJECT_VERSION = 1;
				DEVELOPMENT_TEAM = DT2C2FZ7U2;
				GENERATE_INFOPLIST_FILE = YES;
				MARKETING_VERSION = 1.0;
				PRODUCT_BUNDLE_IDENTIFIER = "io.bitrise.iOS-DemoUITests";
				PRODUCT_NAME = "$(TARGET_NAME)";
				SWIFT_EMIT_LOC_STRINGS = NO;
				SWIFT_VERSION = 5.0;
				TARGETED_DEVICE_FAMILY = "1,2";
				TEST_TARGET_NAME = "iOS Demo";
			};
			name = Release;
		};
/* End XCBuildConfiguration section */

/* Begin XCConfigurationList section */
		1D3012FD29C2911E0074F512 /* Build configuration list for PBXProject "iOS Demo" */ = {
			isa = XCConfigurationList;
			buildConfigurations = (
				1D30132929C2911F0074F512 /* Debug */,
				1D30132A29C2911F0074F512 /* Release */,
			);
			defaultConfigurationIsVisible = 0;
			defaultConfigurationName = Release;
		};
		1D30132B29C2911F0074F512 /* Build configuration list for PBXNativeTarget "iOS Demo" */ = {
			isa = XCConfigurationList;
			buildConfigurations = (
				1D30132C29C2911F0074F512 /* Debug */,
				1D30132D29C2911F0074F512 /* Release */,
			);
			defaultConfigurationIsVisible = 0;
			defaultConfigurationName = Release;
		};
		1D30132E29C2911F0074F512 /* Build configuration list for PBXNativeTarget "iOS DemoTests" */ = {
			isa = XCConfigurationList;
			buildConfigurations = (
				1D30132F29C2911F0074F512 /* Debug */,
				1D30133029C2911F0074F512 /* Release */,
			);
			defaultConfigurationIsVisible = 0;
			defaultConfigurationName = Release;
		};
		1D30133129C2911F0074F512 /* Build configuration list for PBXNativeTarget "iOS DemoUITests" */ = {
			isa = XCConfigurationList;
			buildConfigurations = (
				1D30133229C2911F0074F512 /* Debug */,
				1D30133329C2911F0074F512 /* Release */,
			);
			defaultConfigurationIsVisible = 0;
			defaultConfigurationName = Release;
		};
/* End XCConfigurationList section */

/* Begin XCVersionGroup section */
		1D30131029C2911F0074F512 /* iOS_Demo.xcdatamodeld */ = {
			isa = XCVersionGroup;
			children = (
				1D30131129C2911F0074F512 /* iOS_Demo.xcdatamodel */,
			);
			currentVersion = 1D30131129C2911F0074F512 /* iOS_Demo.xcdatamodel */;
			path = iOS_Demo.xcdatamodeld;
			sourceTree = "<group>";
			versionGroupType = wrapper.xcdatamodel;
		};
/* End XCVersionGroup section */
	};
	rootObject = 1D3012FA29C2911E0074F512 /* Project object */;
}
